
Microsoft Visual Studio Solution File, Format Version 12.00
# Visual Studio Version 17
VisualStudioVersion = 17.0.32014.148
MinimumVisualStudioVersion = 10.0.40219.1
Project("{FAE04EC0-301F-11D3-BF4B-00C04F79EFBC}") = "CoursatOnline", "CoursatOnline\CoursatOnline.csproj", "{725DE197-FECD-4301-9BB8-F7ACEC4998DB}"
EndProject
Global
	GlobalSection(SolutionConfigurationPlatforms) = preSolution
		Debug|Any CPU = Debug|Any CPU
		Release|Any CPU = Release|Any CPU
	EndGlobalSection
	GlobalSection(ProjectConfigurationPlatforms) = postSolution
		{725DE197-FECD-4301-9BB8-F7ACEC4998DB}.Debug|Any CPU.ActiveCfg = Debug|Any CPU
		{725DE197-FECD-4301-9BB8-F7ACEC4998DB}.Debug|Any CPU.Build.0 = Debug|Any CPU
		{725DE197-FECD-4301-9BB8-F7ACEC4998DB}.Release|Any CPU.ActiveCfg = Release|Any CPU
		{725DE197-FECD-4301-9BB8-F7ACEC4998DB}.Release|Any CPU.Build.0 = Release|Any CPU
	EndGlobalSection
	GlobalSection(SolutionProperties) = preSolution
		HideSolutionNode = FALSE
	EndGlobalSection
	GlobalSection(ExtensibilityGlobals) = postSolution
		SolutionGuid = {B3C3EC74-32AD-4600-855F-94E8A232B55E}
	EndGlobalSection
EndGlobal
